lockfileVersion: '6.0'

settings:
  autoInstallPeers: true
  excludeLinksFromLockfile: false

dependencies:
  '@shopify/storefront-api-client':
    specifier: ^0.2.0
    version: 0.2.0
  drizzle-orm:
    specifier: ^0.29.1
    version: 0.29.3(bun-types@1.0.22)(kysely@0.26.3)(mysql2@3.7.0)
  effect:
    specifier: ^2.0.0-next.60
    version: 2.0.3
  hono:
    specifier: ^3.11.7
    version: 3.12.1
  kysely:
    specifier: ^0.26.3
    version: 0.26.3
  mockdate:
    specifier: ^3.0.5
    version: 3.0.5
  mysql2:
    specifier: ^3.6.5
    version: 3.7.0
  superjson:
    specifier: ^2.2.1
    version: 2.2.1
  tslog:
    specifier: ^4.9.2
    version: 4.9.2
  zod:
    specifier: ^3.22.4
    version: 3.22.4

devDependencies:
  bun-types:
    specifier: ^1.0.18
    version: 1.0.22

packages:

  /@shopify/graphql-client@0.9.0:
    resolution: {integrity: sha512-AemFHWnMX37fg5WCgY9wbfaR9lHTK7oij9i/lLt2ORLcQUv14xOVg5iXUd8N+lAQq5pfZx+juTi4klmwh8qjQQ==}
    dev: false

  /@shopify/storefront-api-client@0.2.0:
    resolution: {integrity: sha512-Um1gDztxWbh3oZInzOo3GDN2C+4i73kcQUzDhn38kUKXssBIyDCQnQGyJi5jLUR4yTvHvfS34Bk8Qg8XNrHZgA==}
    dependencies:
      '@shopify/graphql-client': 0.9.0
    dev: false

  /@types/node@20.10.8:
    resolution: {integrity: sha512-f8nQs3cLxbAFc00vEU59yf9UyGUftkPaLGfvbVOIDdx2i1b8epBqj2aNGyP19fiyXWvlmZ7qC1XLjAzw/OKIeA==}
    dependencies:
      undici-types: 5.26.5

  /@types/ws@8.5.10:
    resolution: {integrity: sha512-vmQSUcfalpIq0R9q7uTo2lXs6eGIpt9wtnLdMv9LVpIjCA/+ufZRozlVoVelIYixx1ugCBKDhn89vnsEGOCx9A==}
    dependencies:
      '@types/node': 20.10.8

  /bun-types@1.0.22:
    resolution: {integrity: sha512-JxmXAx6cXb37+rMsn30WRXlz9lbPFR9rQE78hNSoy5wJ8m/nUktkmHpo7xZb/YKDds23ifxWLjDtyni9MeXLgw==}
    dependencies:
      '@types/node': 20.10.8
      '@types/ws': 8.5.10
      undici-types: 5.28.2

  /copy-anything@3.0.5:
    resolution: {integrity: sha512-yCEafptTtb4bk7GLEQoM8KVJpxAfdBJYaXyzQEgQQQgYrZiDp8SJmGKlYza6CYjEDNstAdNdKA3UuoULlEbS6w==}
    engines: {node: '>=12.13'}
    dependencies:
      is-what: 4.1.16
    dev: false

  /denque@2.1.0:
    resolution: {integrity: sha512-HVQE3AAb/pxF8fQAoiqpvg9i3evqug3hoiwakOyZAwJm+6vZehbkYXZ0l4JxS+I3QxM97v5aaRNhj8v5oBhekw==}
    engines: {node: '>=0.10'}
    dev: false

  /drizzle-orm@0.29.3(bun-types@1.0.22)(kysely@0.26.3)(mysql2@3.7.0):
    resolution: {integrity: sha512-uSE027csliGSGYD0pqtM+SAQATMREb3eSM/U8s6r+Y0RFwTKwftnwwSkqx3oS65UBgqDOM0gMTl5UGNpt6lW0A==}
    peerDependencies:
      '@aws-sdk/client-rds-data': '>=3'
      '@cloudflare/workers-types': '>=3'
      '@libsql/client': '*'
      '@neondatabase/serverless': '>=0.1'
      '@opentelemetry/api': ^1.4.1
      '@planetscale/database': '>=1'
      '@types/better-sqlite3': '*'
      '@types/pg': '*'
      '@types/react': '>=18'
      '@types/sql.js': '*'
      '@vercel/postgres': '*'
      better-sqlite3: '>=7'
      bun-types: '*'
      expo-sqlite: '>=13.2.0'
      knex: '*'
      kysely: '*'
      mysql2: '>=2'
      pg: '>=8'
      postgres: '>=3'
      react: '>=18'
      sql.js: '>=1'
      sqlite3: '>=5'
    peerDependenciesMeta:
      '@aws-sdk/client-rds-data':
        optional: true
      '@cloudflare/workers-types':
        optional: true
      '@libsql/client':
        optional: true
      '@neondatabase/serverless':
        optional: true
      '@opentelemetry/api':
        optional: true
      '@planetscale/database':
        optional: true
      '@types/better-sqlite3':
        optional: true
      '@types/pg':
        optional: true
      '@types/react':
        optional: true
      '@types/sql.js':
        optional: true
      '@vercel/postgres':
        optional: true
      better-sqlite3:
        optional: true
      bun-types:
        optional: true
      expo-sqlite:
        optional: true
      knex:
        optional: true
      kysely:
        optional: true
      mysql2:
        optional: true
      pg:
        optional: true
      postgres:
        optional: true
      react:
        optional: true
      sql.js:
        optional: true
      sqlite3:
        optional: true
    dependencies:
      bun-types: 1.0.22
      kysely: 0.26.3
      mysql2: 3.7.0
    dev: false

  /effect@2.0.3:
    resolution: {integrity: sha512-I/XvcbHypegNFWCr/arbfIR6pA+8JpSqv9wS4xOrgXypQMRj8H3wRorTcUiPmcQ0e6Ko67CdI2XZpjx7z0Ev/A==}
    dev: false

  /generate-function@2.3.1:
    resolution: {integrity: sha512-eeB5GfMNeevm/GRYq20ShmsaGcmI81kIX2K9XQx5miC8KdHaC6Jm0qQ8ZNeGOi7wYB8OsdxKs+Y2oVuTFuVwKQ==}
    dependencies:
      is-property: 1.0.2
    dev: false

  /hono@3.12.1:
    resolution: {integrity: sha512-wCvww2YZ04whKJVXHDwtnx0x5Jzj0xtVUkguyj1zRDQ4qW1yKWcUTNCOa/H/wMHrHtXJmymlpIZIGUm3MwXlHA==}
    engines: {node: '>=16.0.0'}
    dev: false

  /iconv-lite@0.6.3:
    resolution: {integrity: sha512-4fCk79wshMdzMp2rH06qWrJE4iolqLhCUH+OiuIgU++RB0+94NlDL81atO7GX55uUKueo0txHNtvEyI6D7WdMw==}
    engines: {node: '>=0.10.0'}
    dependencies:
      safer-buffer: 2.1.2
    dev: false

  /is-property@1.0.2:
    resolution: {integrity: sha512-Ks/IoX00TtClbGQr4TWXemAnktAQvYB7HzcCxDGqEZU6oCmb2INHuOoKxbtR+HFkmYWBKv/dOZtGRiAjDhj92g==}
    dev: false

  /is-what@4.1.16:
    resolution: {integrity: sha512-ZhMwEosbFJkA0YhFnNDgTM4ZxDRsS6HqTo7qsZM08fehyRYIYa0yHu5R6mgo1n/8MgaPBXiPimPD77baVFYg+A==}
    engines: {node: '>=12.13'}
    dev: false

  /kysely@0.26.3:
    resolution: {integrity: sha512-yWSgGi9bY13b/W06DD2OCDDHQmq1kwTGYlQ4wpZkMOJqMGCstVCFIvxCCVG4KfY1/3G0MhDAcZsip/Lw8/vJWw==}
    engines: {node: '>=14.0.0'}
    dev: false

  /long@5.2.3:
    resolution: {integrity: sha512-lcHwpNoggQTObv5apGNCTdJrO69eHOZMi4BNC+rTLER8iHAqGrUVeLh/irVIM7zTw2bOXA8T6uNPeujwOLg/2Q==}
    dev: false

  /lru-cache@7.18.3:
    resolution: {integrity: sha512-jumlc0BIUrS3qJGgIkWZsyfAM7NCWiBcCDhnd+3NNM5KbBmLTgHVfWBcg6W+rLUsIpzpERPsvwUP7CckAQSOoA==}
    engines: {node: '>=12'}
    dev: false

  /lru-cache@8.0.5:
    resolution: {integrity: sha512-MhWWlVnuab1RG5/zMRRcVGXZLCXrZTgfwMikgzCegsPnG62yDQo5JnqKkrK4jO5iKqDAZGItAqN5CtKBCBWRUA==}
    engines: {node: '>=16.14'}
    dev: false

  /mockdate@3.0.5:
    resolution: {integrity: sha512-iniQP4rj1FhBdBYS/+eQv7j1tadJ9lJtdzgOpvsOHng/GbcDh2Fhdeq+ZRldrPYdXvCyfFUmFeEwEGXZB5I/AQ==}
    dev: false

  /mysql2@3.7.0:
    resolution: {integrity: sha512-c45jA3Jc1X8yJKzrWu1GpplBKGwv/wIV6ITZTlCSY7npF2YfJR+6nMP5e+NTQhUeJPSyOQAbGDCGEHbAl8HN9w==}
    engines: {node: '>= 8.0'}
    dependencies:
      denque: 2.1.0
      generate-function: 2.3.1
      iconv-lite: 0.6.3
      long: 5.2.3
      lru-cache: 8.0.5
      named-placeholders: 1.1.3
      seq-queue: 0.0.5
      sqlstring: 2.3.3
    dev: false

  /named-placeholders@1.1.3:
    resolution: {integrity: sha512-eLoBxg6wE/rZkJPhU/xRX1WTpkFEwDJEN96oxFrTsqBdbT5ec295Q+CoHrL9IT0DipqKhmGcaZmwOt8OON5x1w==}
    engines: {node: '>=12.0.0'}
    dependencies:
      lru-cache: 7.18.3
    dev: false

  /safer-buffer@2.1.2:
    resolution: {integrity: sha512-YZo3K82SD7Riyi0E1EQPojLz7kpepnSQI9IyPbHHg1XXXevb5dJI7tpyN2ADxGcQbHG7vcyRHk0cbwqcQriUtg==}
    dev: false

  /seq-queue@0.0.5:
    resolution: {integrity: sha512-hr3Wtp/GZIc/6DAGPDcV4/9WoZhjrkXsi5B/07QgX8tsdc6ilr7BFM6PM6rbdAX1kFSDYeZGLipIZZKyQP0O5Q==}
    dev: false

  /sqlstring@2.3.3:
    resolution: {integrity: sha512-qC9iz2FlN7DQl3+wjwn3802RTyjCx7sDvfQEXchwa6CWOx07/WVfh91gBmQ9fahw8snwGEWU3xGzOt4tFyHLxg==}
    engines: {node: '>= 0.6'}
    dev: false

  /superjson@2.2.1:
    resolution: {integrity: sha512-8iGv75BYOa0xRJHK5vRLEjE2H/i4lulTjzpUXic3Eg8akftYjkmQDa8JARQ42rlczXyFR3IeRoeFCc7RxHsYZA==}
    engines: {node: '>=16'}
    dependencies:
      copy-anything: 3.0.5
    dev: false

  /tslog@4.9.2:
    resolution: {integrity: sha512-wBM+LRJoNl34Bdu8mYEFxpvmOUedpNUwMNQB/NcuPIZKwdDde6xLHUev3bBjXQU7gdurX++X/YE7gLH8eXYsiQ==}
    engines: {node: '>=16'}
    dev: false

  /undici-types@5.26.5:
    resolution: {integrity: sha512-JlCMO+ehdEIKqlFxk6IfVoAUVmgz7cU7zD/h9XZ0qzeosSHmUJVOzSQvvYSYWXkFXC+IfLKSIffhv0sVZup6pA==}

  /undici-types@5.28.2:
    resolution: {integrity: sha512-W71OLwDqzIO0d3k07qg1xc7d4cX8SsSwuCO4bQ4V7ITwduXXie/lcImofabP5VV+NvuvSe8ovKvHVJcizVc1JA==}

  /zod@3.22.4:
    resolution: {integrity: sha512-iC+8Io04lddc+mVqQ9AZ7OQ2MrUKGN+oIQyq1vemgt46jwCwLfhq7/pwnBnNXXXZb8VTVLKwp9EDkx+ryxIWmg==}
    dev: false
